
Microsoft Visual Studio Solution File, Format Version 12.00
# Visual Studio 14
VisualStudioVersion = 14.0.23107.0
MinimumVisualStudioVersion = 10.0.40219.1
Project("{FAE04EC0-301F-11D3-BF4B-00C04F79EFBC}") = "SoracomApiCrawler.Runner", "SoracomApiCrawler.Runner\SoracomApiCrawler.Runner.csproj", "{9BB68F6F-0E81-4DF2-AA68-4FBCA0AA1434}"
	ProjectSection(ProjectDependencies) = postProject
		{F8012ECB-4912-4479-B411-D89A22D84AB6} = {F8012ECB-4912-4479-B411-D89A22D84AB6}
	EndProjectSection
EndProject
Project("{FAE04EC0-301F-11D3-BF4B-00C04F79EFBC}") = "SoracomApiCrawler.Lib", "SoracomApiCrawler.Lib\SoracomApiCrawler.Lib.csproj", "{F8012ECB-4912-4479-B411-D89A22D84AB6}"
EndProject
Project("{FAE04EC0-301F-11D3-BF4B-00C04F79EFBC}") = "SoracomApiCrawler.RunnerSample", "SoracomApiCrawler.RunnerSample\SoracomApiCrawler.RunnerSample.csproj", "{F8E6775F-C6E0-429E-9CE8-6443D9F8E159}"
EndProject
Global
	GlobalSection(SolutionConfigurationPlatforms) = preSolution
		Debug|Any CPU = Debug|Any CPU
		Release|Any CPU = Release|Any CPU
	EndGlobalSection
	GlobalSection(ProjectConfigurationPlatforms) = postSolution
		{9BB68F6F-0E81-4DF2-AA68-4FBCA0AA1434}.Debug|Any CPU.ActiveCfg = Debug|Any CPU
		{9BB68F6F-0E81-4DF2-AA68-4FBCA0AA1434}.Debug|Any CPU.Build.0 = Debug|Any CPU
		{9BB68F6F-0E81-4DF2-AA68-4FBCA0AA1434}.Release|Any CPU.ActiveCfg = Release|Any CPU
		{9BB68F6F-0E81-4DF2-AA68-4FBCA0AA1434}.Release|Any CPU.Build.0 = Release|Any CPU
		{F8012ECB-4912-4479-B411-D89A22D84AB6}.Debug|Any CPU.ActiveCfg = Debug|Any CPU
		{F8012ECB-4912-4479-B411-D89A22D84AB6}.Debug|Any CPU.Build.0 = Debug|Any CPU
		{F8012ECB-4912-4479-B411-D89A22D84AB6}.Release|Any CPU.ActiveCfg = Release|Any CPU
		{F8012ECB-4912-4479-B411-D89A22D84AB6}.Release|Any CPU.Build.0 = Release|Any CPU
		{F8E6775F-C6E0-429E-9CE8-6443D9F8E159}.Debug|Any CPU.ActiveCfg = Debug|Any CPU
		{F8E6775F-C6E0-429E-9CE8-6443D9F8E159}.Debug|Any CPU.Build.0 = Debug|Any CPU
		{F8E6775F-C6E0-429E-9CE8-6443D9F8E159}.Release|Any CPU.ActiveCfg = Release|Any CPU
		{F8E6775F-C6E0-429E-9CE8-6443D9F8E159}.Release|Any CPU.Build.0 = Release|Any CPU
	EndGlobalSection
	GlobalSection(SolutionProperties) = preSolution
		HideSolutionNode = FALSE
	EndGlobalSection
EndGlobal
